
Microsoft Visual Studio Solution File, Format Version 11.00
# Visual C# Express 2010
Project("{FAE04EC0-301F-11D3-BF4B-00C04F79EFBC}") = "フラッシュ暗算", "フラッシュ暗算\フラッシュ暗算.csproj", "{CE33F3DE-EB3A-4739-A466-76C18AC5B994}"
EndProject
Global
	GlobalSection(SolutionConfigurationPlatforms) = preSolution
		Debug|x86 = Debug|x86
		Release|x86 = Release|x86
	EndGlobalSection
	GlobalSection(ProjectConfigurationPlatforms) = postSolution
		{CE33F3DE-EB3A-4739-A466-76C18AC5B994}.Debug|x86.ActiveCfg = Debug|x86
		{CE33F3DE-EB3A-4739-A466-76C18AC5B994}.Debug|x86.Build.0 = Debug|x86
		{CE33F3DE-EB3A-4739-A466-76C18AC5B994}.Release|x86.ActiveCfg = Release|x86
		{CE33F3DE-EB3A-4739-A466-76C18AC5B994}.Release|x86.Build.0 = Release|x86
	EndGlobalSection
	GlobalSection(SolutionProperties) = preSolution
		HideSolutionNode = FALSE
	EndGlobalSection
EndGlobal
